github.com/gocarina/gocsv v0.0.0-20220531201732-5f969b02b902 h1:MQpU1uHOSGIbSibiJ246ZUPToUDUT+HBY6Y4lQTVyII=
github.com/gocarina/gocsv v0.0.0-20220531201732-5f969b02b902/go.mod h1:5YoVOkjYAQumqlV356Hj3xeYh4BdZuLE0/nRkf2NKkI=
golang.org/x/text v0.3.7 h1:olpwvP2KacW1ZWvsR7uQhoyTYvKAupfQrRGBFM352Gk=
golang.org/x/text v0.3.7/go.mod h1:u+2+/6zg+i71rQMx5EYifcz6MCKuco9NR6JIITiCfzQ=
